
Microsoft Visual Studio Solution File, Format Version 12.00
# Visual Studio Version 16
VisualStudioVersion = 16.0.31624.102
MinimumVisualStudioVersion = 10.0.40219.1
Project("{8BC9CEB8-8B4A-11D0-8D11-00A0C91BC942}") = "polinoms", "polinoms.vcxproj", "{C9E61F7D-43D1-4AB9-8490-C42E46E03048}"
EndProject
Project("{8BC9CEB8-8B4A-11D0-8D11-00A0C91BC942}") = "sample", "sample\sample.vcxproj", "{D3C56747-BCD1-47B8-9422-ABAB639D7A43}"
	ProjectSection(ProjectDependencies) = postProject
		{C9E61F7D-43D1-4AB9-8490-C42E46E03048} = {C9E61F7D-43D1-4AB9-8490-C42E46E03048}
	EndProjectSection
EndProject
Project("{8BC9CEB8-8B4A-11D0-8D11-00A0C91BC942}") = "gtest", "gtest\gtest.vcxproj", "{0EE0C3DA-8A53-4ED4-A1A5-A215A9C45B3F}"
EndProject
Project("{8BC9CEB8-8B4A-11D0-8D11-00A0C91BC942}") = "test", "test\test.vcxproj", "{50C5CF62-8F34-423C-9DCA-C70090C9017D}"
	ProjectSection(ProjectDependencies) = postProject
		{C9E61F7D-43D1-4AB9-8490-C42E46E03048} = {C9E61F7D-43D1-4AB9-8490-C42E46E03048}
		{0EE0C3DA-8A53-4ED4-A1A5-A215A9C45B3F} = {0EE0C3DA-8A53-4ED4-A1A5-A215A9C45B3F}
	EndProjectSection
EndProject
Global
	GlobalSection(SolutionConfigurationPlatforms) = preSolution
		Debug|x64 = Debug|x64
		Debug|x86 = Debug|x86
		Release|x64 = Release|x64
		Release|x86 = Release|x86
	EndGlobalSection
	GlobalSection(ProjectConfigurationPlatforms) = postSolution
		{C9E61F7D-43D1-4AB9-8490-C42E46E03048}.Debug|x64.ActiveCfg = Debug|x64
		{C9E61F7D-43D1-4AB9-8490-C42E46E03048}.Debug|x64.Build.0 = Debug|x64
		{C9E61F7D-43D1-4AB9-8490-C42E46E03048}.Debug|x86.ActiveCfg = Debug|Win32
		{C9E61F7D-43D1-4AB9-8490-C42E46E03048}.Debug|x86.Build.0 = Debug|Win32
		{C9E61F7D-43D1-4AB9-8490-C42E46E03048}.Release|x64.ActiveCfg = Release|x64
		{C9E61F7D-43D1-4AB9-8490-C42E46E03048}.Release|x64.Build.0 = Release|x64
		{C9E61F7D-43D1-4AB9-8490-C42E46E03048}.Release|x86.ActiveCfg = Release|Win32
		{C9E61F7D-43D1-4AB9-8490-C42E46E03048}.Release|x86.Build.0 = Release|Win32
		{D3C56747-BCD1-47B8-9422-ABAB639D7A43}.Debug|x64.ActiveCfg = Debug|x64
		{D3C56747-BCD1-47B8-9422-ABAB639D7A43}.Debug|x64.Build.0 = Debug|x64
		{D3C56747-BCD1-47B8-9422-ABAB639D7A43}.Debug|x86.ActiveCfg = Debug|Win32
		{D3C56747-BCD1-47B8-9422-ABAB639D7A43}.Debug|x86.Build.0 = Debug|Win32
		{D3C56747-BCD1-47B8-9422-ABAB639D7A43}.Release|x64.ActiveCfg = Release|x64
		{D3C56747-BCD1-47B8-9422-ABAB639D7A43}.Release|x64.Build.0 = Release|x64
		{D3C56747-BCD1-47B8-9422-ABAB639D7A43}.Release|x86.ActiveCfg = Release|Win32
		{D3C56747-BCD1-47B8-9422-ABAB639D7A43}.Release|x86.Build.0 = Release|Win32
		{0EE0C3DA-8A53-4ED4-A1A5-A215A9C45B3F}.Debug|x64.ActiveCfg = Debug|x64
		{0EE0C3DA-8A53-4ED4-A1A5-A215A9C45B3F}.Debug|x64.Build.0 = Debug|x64
		{0EE0C3DA-8A53-4ED4-A1A5-A215A9C45B3F}.Debug|x86.ActiveCfg = Debug|Win32
		{0EE0C3DA-8A53-4ED4-A1A5-A215A9C45B3F}.Debug|x86.Build.0 = Debug|Win32
		{0EE0C3DA-8A53-4ED4-A1A5-A215A9C45B3F}.Release|x64.ActiveCfg = Release|x64
		{0EE0C3DA-8A53-4ED4-A1A5-A215A9C45B3F}.Release|x64.Build.0 = Release|x64
		{0EE0C3DA-8A53-4ED4-A1A5-A215A9C45B3F}.Release|x86.ActiveCfg = Release|Win32
		{0EE0C3DA-8A53-4ED4-A1A5-A215A9C45B3F}.Release|x86.Build.0 = Release|Win32
		{50C5CF62-8F34-423C-9DCA-C70090C9017D}.Debug|x64.ActiveCfg = Debug|x64
		{50C5CF62-8F34-423C-9DCA-C70090C9017D}.Debug|x64.Build.0 = Debug|x64
		{50C5CF62-8F34-423C-9DCA-C70090C9017D}.Debug|x86.ActiveCfg = Debug|Win32
		{50C5CF62-8F34-423C-9DCA-C70090C9017D}.Debug|x86.Build.0 = Debug|Win32
		{50C5CF62-8F34-423C-9DCA-C70090C9017D}.Release|x64.ActiveCfg = Release|x64
		{50C5CF62-8F34-423C-9DCA-C70090C9017D}.Release|x64.Build.0 = Release|x64
		{50C5CF62-8F34-423C-9DCA-C70090C9017D}.Release|x86.ActiveCfg = Release|Win32
		{50C5CF62-8F34-423C-9DCA-C70090C9017D}.Release|x86.Build.0 = Release|Win32
	EndGlobalSection
	GlobalSection(SolutionProperties) = preSolution
		HideSolutionNode = FALSE
	EndGlobalSection
	GlobalSection(ExtensibilityGlobals) = postSolution
		SolutionGuid = {DB4988BC-B001-442C-B67F-7C33453FD1D9}
	EndGlobalSection
EndGlobal
